
Microsoft Visual Studio Solution File, Format Version 12.00
# Visual Studio Version 17
VisualStudioVersion = 17.2.32526.322
MinimumVisualStudioVersion = 10.0.40219.1
Project("{FAE04EC0-301F-11D3-BF4B-00C04F79EFBC}") = "FirstApplication", "FirstApplication\FirstApplication.csproj", "{7E238F6E-79CE-4C0F-89CD-F34F2E20EB23}"
EndProject
Global
	GlobalSection(SolutionConfigurationPlatforms) = preSolution
		Debug|Any CPU = Debug|Any CPU
		Release|Any CPU = Release|Any CPU
	EndGlobalSection
	GlobalSection(ProjectConfigurationPlatforms) = postSolution
		{7E238F6E-79CE-4C0F-89CD-F34F2E20EB23}.Debug|Any CPU.ActiveCfg = Debug|Any CPU
		{7E238F6E-79CE-4C0F-89CD-F34F2E20EB23}.Debug|Any CPU.Build.0 = Debug|Any CPU
		{7E238F6E-79CE-4C0F-89CD-F34F2E20EB23}.Release|Any CPU.ActiveCfg = Release|Any CPU
		{7E238F6E-79CE-4C0F-89CD-F34F2E20EB23}.Release|Any CPU.Build.0 = Release|Any CPU
	EndGlobalSection
	GlobalSection(SolutionProperties) = preSolution
		HideSolutionNode = FALSE
	EndGlobalSection
	GlobalSection(ExtensibilityGlobals) = postSolution
		SolutionGuid = {B74A5761-ABCC-4C57-BFA8-0BA2B04ED704}
	EndGlobalSection
EndGlobal
