
Microsoft Visual Studio Solution File, Format Version 12.00
# Visual Studio Version 17
VisualStudioVersion = 17.2.32526.322
MinimumVisualStudioVersion = 10.0.40219.1
Project("{FAE04EC0-301F-11D3-BF4B-00C04F79EFBC}") = "APIUsers", "APIUsers\APIUsers.csproj", "{63CB99EF-B8B4-42C9-B448-994C38ED478B}"
EndProject
Global
	GlobalSection(SolutionConfigurationPlatforms) = preSolution
		Debug|Any CPU = Debug|Any CPU
		Release|Any CPU = Release|Any CPU
	EndGlobalSection
	GlobalSection(ProjectConfigurationPlatforms) = postSolution
		{63CB99EF-B8B4-42C9-B448-994C38ED478B}.Debug|Any CPU.ActiveCfg = Debug|Any CPU
		{63CB99EF-B8B4-42C9-B448-994C38ED478B}.Debug|Any CPU.Build.0 = Debug|Any CPU
		{63CB99EF-B8B4-42C9-B448-994C38ED478B}.Release|Any CPU.ActiveCfg = Release|Any CPU
		{63CB99EF-B8B4-42C9-B448-994C38ED478B}.Release|Any CPU.Build.0 = Release|Any CPU
	EndGlobalSection
	GlobalSection(SolutionProperties) = preSolution
		HideSolutionNode = FALSE
	EndGlobalSection
	GlobalSection(ExtensibilityGlobals) = postSolution
		SolutionGuid = {B7051FA5-3379-4616-9292-8366735A9DE4}
	EndGlobalSection
EndGlobal
