
Microsoft Visual Studio Solution File, Format Version 12.00
# Visual Studio Version 17
VisualStudioVersion = 17.2.32526.322
MinimumVisualStudioVersion = 10.0.40219.1
Project("{FAE04EC0-301F-11D3-BF4B-00C04F79EFBC}") = "SOLID", "SOLID\SOLID.csproj", "{4009C2C8-F746-4153-9833-44A3F9A3457D}"
EndProject
Global
	GlobalSection(SolutionConfigurationPlatforms) = preSolution
		Debug|Any CPU = Debug|Any CPU
		Release|Any CPU = Release|Any CPU
	EndGlobalSection
	GlobalSection(ProjectConfigurationPlatforms) = postSolution
		{4009C2C8-F746-4153-9833-44A3F9A3457D}.Debug|Any CPU.ActiveCfg = Debug|Any CPU
		{4009C2C8-F746-4153-9833-44A3F9A3457D}.Debug|Any CPU.Build.0 = Debug|Any CPU
		{4009C2C8-F746-4153-9833-44A3F9A3457D}.Release|Any CPU.ActiveCfg = Release|Any CPU
		{4009C2C8-F746-4153-9833-44A3F9A3457D}.Release|Any CPU.Build.0 = Release|Any CPU
	EndGlobalSection
	GlobalSection(SolutionProperties) = preSolution
		HideSolutionNode = FALSE
	EndGlobalSection
	GlobalSection(ExtensibilityGlobals) = postSolution
		SolutionGuid = {1D7C28F2-E9B8-4415-94E5-955FC83B8551}
	EndGlobalSection
EndGlobal
